
Microsoft Visual Studio Solution File, Format Version 12.00
# Visual Studio 14
VisualStudioVersion = 14.0.23107.0
MinimumVisualStudioVersion = 10.0.40219.1
Project("{FAE04EC0-301F-11D3-BF4B-00C04F79EFBC}") = "DoDGame", "DoDGame\DoDGame.csproj", "{E7F23F28-02A6-4233-A53C-B37617113A30}"
EndProject
Project("{FAE04EC0-301F-11D3-BF4B-00C04F79EFBC}") = "Utilities", "Utilities\Utilities.csproj", "{DB36884E-DB89-44DA-8BD8-4AC1044F8EBD}"
EndProject
Project("{FAE04EC0-301F-11D3-BF4B-00C04F79EFBC}") = "Interfaces", "Interfaces\Interfaces.csproj", "{0CE4E8A4-9663-4BFC-A08F-948773116173}"
EndProject
Project("{FAE04EC0-301F-11D3-BF4B-00C04F79EFBC}") = "DungeonsOfDoomLibrary", "DungeonsOfDoomLibrary\DungeonsOfDoomLibrary.csproj", "{329E7E21-8D2E-4913-85FC-D7CCF6C8FCA8}"
EndProject
Global
	GlobalSection(SolutionConfigurationPlatforms) = preSolution
		Debug|Any CPU = Debug|Any CPU
		Release|Any CPU = Release|Any CPU
	EndGlobalSection
	GlobalSection(ProjectConfigurationPlatforms) = postSolution
		{E7F23F28-02A6-4233-A53C-B37617113A30}.Debug|Any CPU.ActiveCfg = Debug|Any CPU
		{E7F23F28-02A6-4233-A53C-B37617113A30}.Debug|Any CPU.Build.0 = Debug|Any CPU
		{E7F23F28-02A6-4233-A53C-B37617113A30}.Release|Any CPU.ActiveCfg = Release|Any CPU
		{E7F23F28-02A6-4233-A53C-B37617113A30}.Release|Any CPU.Build.0 = Release|Any CPU
		{DB36884E-DB89-44DA-8BD8-4AC1044F8EBD}.Debug|Any CPU.ActiveCfg = Debug|Any CPU
		{DB36884E-DB89-44DA-8BD8-4AC1044F8EBD}.Debug|Any CPU.Build.0 = Debug|Any CPU
		{DB36884E-DB89-44DA-8BD8-4AC1044F8EBD}.Release|Any CPU.ActiveCfg = Release|Any CPU
		{DB36884E-DB89-44DA-8BD8-4AC1044F8EBD}.Release|Any CPU.Build.0 = Release|Any CPU
		{0CE4E8A4-9663-4BFC-A08F-948773116173}.Debug|Any CPU.ActiveCfg = Debug|Any CPU
		{0CE4E8A4-9663-4BFC-A08F-948773116173}.Debug|Any CPU.Build.0 = Debug|Any CPU
		{0CE4E8A4-9663-4BFC-A08F-948773116173}.Release|Any CPU.ActiveCfg = Release|Any CPU
		{0CE4E8A4-9663-4BFC-A08F-948773116173}.Release|Any CPU.Build.0 = Release|Any CPU
		{329E7E21-8D2E-4913-85FC-D7CCF6C8FCA8}.Debug|Any CPU.ActiveCfg = Debug|Any CPU
		{329E7E21-8D2E-4913-85FC-D7CCF6C8FCA8}.Debug|Any CPU.Build.0 = Debug|Any CPU
		{329E7E21-8D2E-4913-85FC-D7CCF6C8FCA8}.Release|Any CPU.ActiveCfg = Release|Any CPU
		{329E7E21-8D2E-4913-85FC-D7CCF6C8FCA8}.Release|Any CPU.Build.0 = Release|Any CPU
	EndGlobalSection
	GlobalSection(SolutionProperties) = preSolution
		HideSolutionNode = FALSE
	EndGlobalSection
EndGlobal
